
Microsoft Visual Studio Solution File, Format Version 12.00
# Visual Studio 15
VisualStudioVersion = 15.0.28307.136
MinimumVisualStudioVersion = 10.0.40219.1
Project("{FAE04EC0-301F-11D3-BF4B-00C04F79EFBC}") = "testdelete", "testdelete\testdelete.csproj", "{6FFAF821-FDB4-4FA9-A219-AF6F50D5EFCC}"
EndProject
Global
	GlobalSection(SolutionConfigurationPlatforms) = preSolution
		Debug|Any CPU = Debug|Any CPU
		Release|Any CPU = Release|Any CPU
	EndGlobalSection
	GlobalSection(ProjectConfigurationPlatforms) = postSolution
		{6FFAF821-FDB4-4FA9-A219-AF6F50D5EFCC}.Debug|Any CPU.ActiveCfg = Debug|Any CPU
		{6FFAF821-FDB4-4FA9-A219-AF6F50D5EFCC}.Debug|Any CPU.Build.0 = Debug|Any CPU
		{6FFAF821-FDB4-4FA9-A219-AF6F50D5EFCC}.Release|Any CPU.ActiveCfg = Release|Any CPU
		{6FFAF821-FDB4-4FA9-A219-AF6F50D5EFCC}.Release|Any CPU.Build.0 = Release|Any CPU
	EndGlobalSection
	GlobalSection(SolutionProperties) = preSolution
		HideSolutionNode = FALSE
	EndGlobalSection
	GlobalSection(ExtensibilityGlobals) = postSolution
		SolutionGuid = {7FFD4829-43E0-4026-A4C0-8B72EB1D9545}
	EndGlobalSection
EndGlobal
